
Microsoft Visual Studio Solution File, Format Version 12.00
# Visual Studio 15
VisualStudioVersion = 15.0.28010.2026
MinimumVisualStudioVersion = 10.0.40219.1
Project("{9A19103F-16F7-4668-BE54-9A1E7A4F7556}") = "WebApi", "Source\WebApi\WebApi.csproj", "{0F20CD9D-98B4-4249-9150-D62ADDC34DCC}"
EndProject
Project("{9A19103F-16F7-4668-BE54-9A1E7A4F7556}") = "WebApi.Test", "Test\WebApi.Test\WebApi.Test.csproj", "{474FC431-DC8A-407B-A7A0-3D28BFE2149C}"
EndProject
Project("{9A19103F-16F7-4668-BE54-9A1E7A4F7556}") = "WebApi.Tools", "Source\WebApi.Tools\WebApi.Tools.csproj", "{0AA7695E-EAF4-4CEB-AC6E-3F95664C9B08}"
EndProject
Project("{9A19103F-16F7-4668-BE54-9A1E7A4F7556}") = "WebApi.EF", "Source\WebApi.EF\WebApi.EF.csproj", "{71695F77-F969-48FB-984E-B7B65FDFD059}"
EndProject
Global
	GlobalSection(SolutionConfigurationPlatforms) = preSolution
		Debug|Any CPU = Debug|Any CPU
		Release|Any CPU = Release|Any CPU
	EndGlobalSection
	GlobalSection(ProjectConfigurationPlatforms) = postSolution
		{0F20CD9D-98B4-4249-9150-D62ADDC34DCC}.Debug|Any CPU.ActiveCfg = Debug|Any CPU
		{0F20CD9D-98B4-4249-9150-D62ADDC34DCC}.Debug|Any CPU.Build.0 = Debug|Any CPU
		{0F20CD9D-98B4-4249-9150-D62ADDC34DCC}.Release|Any CPU.ActiveCfg = Release|Any CPU
		{0F20CD9D-98B4-4249-9150-D62ADDC34DCC}.Release|Any CPU.Build.0 = Release|Any CPU
		{474FC431-DC8A-407B-A7A0-3D28BFE2149C}.Debug|Any CPU.ActiveCfg = Debug|Any CPU
		{474FC431-DC8A-407B-A7A0-3D28BFE2149C}.Debug|Any CPU.Build.0 = Debug|Any CPU
		{474FC431-DC8A-407B-A7A0-3D28BFE2149C}.Release|Any CPU.ActiveCfg = Release|Any CPU
		{474FC431-DC8A-407B-A7A0-3D28BFE2149C}.Release|Any CPU.Build.0 = Release|Any CPU
		{0AA7695E-EAF4-4CEB-AC6E-3F95664C9B08}.Debug|Any CPU.ActiveCfg = Debug|Any CPU
		{0AA7695E-EAF4-4CEB-AC6E-3F95664C9B08}.Debug|Any CPU.Build.0 = Debug|Any CPU
		{0AA7695E-EAF4-4CEB-AC6E-3F95664C9B08}.Release|Any CPU.ActiveCfg = Release|Any CPU
		{0AA7695E-EAF4-4CEB-AC6E-3F95664C9B08}.Release|Any CPU.Build.0 = Release|Any CPU
		{71695F77-F969-48FB-984E-B7B65FDFD059}.Debug|Any CPU.ActiveCfg = Debug|Any CPU
		{71695F77-F969-48FB-984E-B7B65FDFD059}.Debug|Any CPU.Build.0 = Debug|Any CPU
		{71695F77-F969-48FB-984E-B7B65FDFD059}.Release|Any CPU.ActiveCfg = Release|Any CPU
		{71695F77-F969-48FB-984E-B7B65FDFD059}.Release|Any CPU.Build.0 = Release|Any CPU
	EndGlobalSection
	GlobalSection(SolutionProperties) = preSolution
		HideSolutionNode = FALSE
	EndGlobalSection
	GlobalSection(ExtensibilityGlobals) = postSolution
		SolutionGuid = {49BFDF47-A7A7-450D-ADC2-51982C1B6D5E}
	EndGlobalSection
EndGlobal
